github.com/bmizerany/assert v0.0.0-20160611221934-b7ed37b82869/go.mod h1:Ekp36dRnpXw/yCqJaO+ZrUyxD+3VXMFFr56k5XYrpB4=
github.com/google/go-tika v0.2.0 h1:+1dnOoJ/pJrko2XH/3Rm5ssG9+ixOgjmPEz94ikUsxI=
github.com/google/go-tika v0.2.0/go.mod h1:vnMADwNG1A2AJx+ycQgTNMGe3ZG4CZUowEhK2FykumQ=
github.com/juliangruber/go-intersect v1.1.0 h1:sc+y5dCjMMx0pAdYk/N6KBm00tD/f3tq+Iox7dYDUrY=
github.com/juliangruber/go-intersect v1.1.0/go.mod h1:WMau+1kAmnlQnKiikekNJbtGtfmILU/mMU6H7AgKbWQ=
github.com/kljensen/snowball v0.6.0 h1:6DZLCcZeL0cLfodx+Md4/OLC6b/bfurWUOUGs1ydfOU=
github.com/kljensen/snowball v0.6.0/go.mod h1:27N7E8fVU5H68RlUmnWwZCfxgt4POBJfENGMvNRhldw=
github.com/kr/pretty v0.2.0/go.mod h1:ipq/a2n7PKx3OHsz4KJII5eveXtPO4qwEXGdVfWzfnI=
github.com/kr/pty v1.1.1/go.mod h1:pFQYn66WHrOpPYNljwOMqo10TkYh1fy3cYio2l3bCsQ=
github.com/kr/text v0.1.0/go.mod h1:4Jbv+DJW3UT/LiOwJeYQe1efqtUx/iVham/4vfdArNI=
github.com/skratchdot/open-golang v0.0.0-20200116055534-eef842397966 h1:JIAuq3EEf9cgbU6AtGPK4CTG3Zf6CKMNqf0MHTggAUA=
github.com/skratchdot/open-golang v0.0.0-20200116055534-eef842397966/go.mod h1:sUM3LWHvSMaG192sy56D9F7CNvL7jUJVXoqM1QKLnog=
golang.org/x/crypto v0.0.0-20190308221718-c2843e01d9a2/go.mod h1:djNgcEr1/C05ACkg1iLfiJU5Ep61QUkGW8qpdssI0+w=
golang.org/x/exp v0.0.0-20220518171630-0b5c67f07fdf h1:oXVg4h2qJDd9htKxb5SCpFBHLipW6hXmL3qpUixS2jw=
golang.org/x/exp v0.0.0-20220518171630-0b5c67f07fdf/go.mod h1:yh0Ynu2b5ZUe3MQfp2nM0ecK7wsgouWTDN0FNeJuIys=
golang.org/x/net v0.0.0-20190522155817-f3200d17e092 h1:4QSRKanuywn15aTZvI/mIDEgPQpswuFndXpOj3rKEco=
golang.org/x/net v0.0.0-20190522155817-f3200d17e092/go.mod h1:HSz+uSET+XFnRR8LxR5pz3Of3rY3CfYBVs4xY44aLks=
golang.org/x/sys v0.0.0-20190215142949-d0b11bdaac8a/go.mod h1:STP8DvDyc/dI5b8T5hshtkjS+E42TnysNCUPdjciGhY=
golang.org/x/text v0.3.0/go.mod h1:NqM8EUOU14njkJ3fqMW+pc6Ldnwhi/IjpwHt7yyuwOQ=
